
Microsoft Visual Studio Solution File, Format Version 12.00
# Visual Studio Version 17
VisualStudioVersion = 17.5.33530.505
MinimumVisualStudioVersion = 10.0.40219.1
Project("{FAE04EC0-301F-11D3-BF4B-00C04F79EFBC}") = "Assignment_1_Calendar_programme", "Assignment_1_Calendar_programme\Assignment_1_Calendar_programme.csproj", "{A073C4A9-D00E-4168-9955-7317C385878E}"
EndProject
Global
	GlobalSection(SolutionConfigurationPlatforms) = preSolution
		Debug|Any CPU = Debug|Any CPU
		Release|Any CPU = Release|Any CPU
	EndGlobalSection
	GlobalSection(ProjectConfigurationPlatforms) = postSolution
		{A073C4A9-D00E-4168-9955-7317C385878E}.Debug|Any CPU.ActiveCfg = Debug|Any CPU
		{A073C4A9-D00E-4168-9955-7317C385878E}.Debug|Any CPU.Build.0 = Debug|Any CPU
		{A073C4A9-D00E-4168-9955-7317C385878E}.Release|Any CPU.ActiveCfg = Release|Any CPU
		{A073C4A9-D00E-4168-9955-7317C385878E}.Release|Any CPU.Build.0 = Release|Any CPU
	EndGlobalSection
	GlobalSection(SolutionProperties) = preSolution
		HideSolutionNode = FALSE
	EndGlobalSection
	GlobalSection(ExtensibilityGlobals) = postSolution
		SolutionGuid = {046C6C36-0897-462C-9A7B-1EB230B40CF6}
	EndGlobalSection
EndGlobal
